
Microsoft Visual Studio Solution File, Format Version 12.00
# Visual Studio Version 17
VisualStudioVersion = 17.13.35806.99 d17.13
MinimumVisualStudioVersion = 10.0.40219.1
Project("{FAE04EC0-301F-11D3-BF4B-00C04F79EFBC}") = "LibraryManagement", "LibraryManagement\LibraryManagement.csproj", "{A72C223C-A6B2-4F20-A32A-ED289962B604}"
EndProject
Global
	GlobalSection(SolutionConfigurationPlatforms) = preSolution
		Debug|Any CPU = Debug|Any CPU
		Release|Any CPU = Release|Any CPU
	EndGlobalSection
	GlobalSection(ProjectConfigurationPlatforms) = postSolution
		{A72C223C-A6B2-4F20-A32A-ED289962B604}.Debug|Any CPU.ActiveCfg = Debug|Any CPU
		{A72C223C-A6B2-4F20-A32A-ED289962B604}.Debug|Any CPU.Build.0 = Debug|Any CPU
		{A72C223C-A6B2-4F20-A32A-ED289962B604}.Release|Any CPU.ActiveCfg = Release|Any CPU
		{A72C223C-A6B2-4F20-A32A-ED289962B604}.Release|Any CPU.Build.0 = Release|Any CPU
	EndGlobalSection
	GlobalSection(SolutionProperties) = preSolution
		HideSolutionNode = FALSE
	EndGlobalSection
	GlobalSection(ExtensibilityGlobals) = postSolution
		SolutionGuid = {FC340757-1113-4F60-AB9F-A82FB3EFD98D}
	EndGlobalSection
EndGlobal
